
Microsoft Visual Studio Solution File, Format Version 12.00
# Visual Studio 15
VisualStudioVersion = 15.0.28307.421
MinimumVisualStudioVersion = 10.0.40219.1
Project("{FAE04EC0-301F-11D3-BF4B-00C04F79EFBC}") = "work1_lesson3", "work1_lesson3\work1_lesson3.csproj", "{04E411F0-7D01-462F-BA17-A9D389CF8E13}"
EndProject
Global
	GlobalSection(SolutionConfigurationPlatforms) = preSolution
		Debug|Any CPU = Debug|Any CPU
		Release|Any CPU = Release|Any CPU
	EndGlobalSection
	GlobalSection(ProjectConfigurationPlatforms) = postSolution
		{04E411F0-7D01-462F-BA17-A9D389CF8E13}.Debug|Any CPU.ActiveCfg = Debug|Any CPU
		{04E411F0-7D01-462F-BA17-A9D389CF8E13}.Debug|Any CPU.Build.0 = Debug|Any CPU
		{04E411F0-7D01-462F-BA17-A9D389CF8E13}.Release|Any CPU.ActiveCfg = Release|Any CPU
		{04E411F0-7D01-462F-BA17-A9D389CF8E13}.Release|Any CPU.Build.0 = Release|Any CPU
	EndGlobalSection
	GlobalSection(SolutionProperties) = preSolution
		HideSolutionNode = FALSE
	EndGlobalSection
	GlobalSection(ExtensibilityGlobals) = postSolution
		SolutionGuid = {4AD61EE2-0F47-4989-9A56-8AEB8D9E7B72}
	EndGlobalSection
EndGlobal
