
Microsoft Visual Studio Solution File, Format Version 12.00
# Visual Studio 15
VisualStudioVersion = 15.0.28307.421
MinimumVisualStudioVersion = 10.0.40219.1
Project("{FAE04EC0-301F-11D3-BF4B-00C04F79EFBC}") = "work1_lesson2", "work1_lesson2\work1_lesson2.csproj", "{85B6806F-059C-43EC-B032-EF20692AF02C}"
EndProject
Global
	GlobalSection(SolutionConfigurationPlatforms) = preSolution
		Debug|Any CPU = Debug|Any CPU
		Release|Any CPU = Release|Any CPU
	EndGlobalSection
	GlobalSection(ProjectConfigurationPlatforms) = postSolution
		{85B6806F-059C-43EC-B032-EF20692AF02C}.Debug|Any CPU.ActiveCfg = Debug|Any CPU
		{85B6806F-059C-43EC-B032-EF20692AF02C}.Debug|Any CPU.Build.0 = Debug|Any CPU
		{85B6806F-059C-43EC-B032-EF20692AF02C}.Release|Any CPU.ActiveCfg = Release|Any CPU
		{85B6806F-059C-43EC-B032-EF20692AF02C}.Release|Any CPU.Build.0 = Release|Any CPU
	EndGlobalSection
	GlobalSection(SolutionProperties) = preSolution
		HideSolutionNode = FALSE
	EndGlobalSection
	GlobalSection(ExtensibilityGlobals) = postSolution
		SolutionGuid = {142460C2-9AEF-43F4-9C67-950B0323E843}
	EndGlobalSection
EndGlobal
