
Microsoft Visual Studio Solution File, Format Version 12.00
# Visual Studio 15
VisualStudioVersion = 15.0.28307.421
MinimumVisualStudioVersion = 10.0.40219.1
Project("{FAE04EC0-301F-11D3-BF4B-00C04F79EFBC}") = "work1_lesson7", "work1_lesson7\work1_lesson7.csproj", "{1A203D0B-F4F9-4389-90A6-F09E95A2BBF7}"
EndProject
Global
	GlobalSection(SolutionConfigurationPlatforms) = preSolution
		Debug|Any CPU = Debug|Any CPU
		Release|Any CPU = Release|Any CPU
	EndGlobalSection
	GlobalSection(ProjectConfigurationPlatforms) = postSolution
		{1A203D0B-F4F9-4389-90A6-F09E95A2BBF7}.Debug|Any CPU.ActiveCfg = Debug|Any CPU
		{1A203D0B-F4F9-4389-90A6-F09E95A2BBF7}.Debug|Any CPU.Build.0 = Debug|Any CPU
		{1A203D0B-F4F9-4389-90A6-F09E95A2BBF7}.Release|Any CPU.ActiveCfg = Release|Any CPU
		{1A203D0B-F4F9-4389-90A6-F09E95A2BBF7}.Release|Any CPU.Build.0 = Release|Any CPU
	EndGlobalSection
	GlobalSection(SolutionProperties) = preSolution
		HideSolutionNode = FALSE
	EndGlobalSection
	GlobalSection(ExtensibilityGlobals) = postSolution
		SolutionGuid = {45353A22-2694-4174-94E2-7254F86E9709}
	EndGlobalSection
EndGlobal
