
Microsoft Visual Studio Solution File, Format Version 12.00
# Visual Studio 15
VisualStudioVersion = 15.0.28307.421
MinimumVisualStudioVersion = 10.0.40219.1
Project("{FAE04EC0-301F-11D3-BF4B-00C04F79EFBC}") = "work_lesson5", "work_lesson5\work_lesson5.csproj", "{8E670D31-4CD1-4514-8249-6FCAAFB8ACD1}"
EndProject
Project("{FAE04EC0-301F-11D3-BF4B-00C04F79EFBC}") = "TestClass", "Order1\TestClass.csproj", "{ED91831E-0EC1-4E0B-8C8A-91D2452617C0}"
EndProject
Global
	GlobalSection(SolutionConfigurationPlatforms) = preSolution
		Debug|Any CPU = Debug|Any CPU
		Release|Any CPU = Release|Any CPU
	EndGlobalSection
	GlobalSection(ProjectConfigurationPlatforms) = postSolution
		{8E670D31-4CD1-4514-8249-6FCAAFB8ACD1}.Debug|Any CPU.ActiveCfg = Debug|Any CPU
		{8E670D31-4CD1-4514-8249-6FCAAFB8ACD1}.Debug|Any CPU.Build.0 = Debug|Any CPU
		{8E670D31-4CD1-4514-8249-6FCAAFB8ACD1}.Release|Any CPU.ActiveCfg = Release|Any CPU
		{8E670D31-4CD1-4514-8249-6FCAAFB8ACD1}.Release|Any CPU.Build.0 = Release|Any CPU
		{ED91831E-0EC1-4E0B-8C8A-91D2452617C0}.Debug|Any CPU.ActiveCfg = Debug|Any CPU
		{ED91831E-0EC1-4E0B-8C8A-91D2452617C0}.Debug|Any CPU.Build.0 = Debug|Any CPU
		{ED91831E-0EC1-4E0B-8C8A-91D2452617C0}.Release|Any CPU.ActiveCfg = Release|Any CPU
		{ED91831E-0EC1-4E0B-8C8A-91D2452617C0}.Release|Any CPU.Build.0 = Release|Any CPU
	EndGlobalSection
	GlobalSection(SolutionProperties) = preSolution
		HideSolutionNode = FALSE
	EndGlobalSection
	GlobalSection(ExtensibilityGlobals) = postSolution
		SolutionGuid = {6FB91E9D-7598-40B9-852D-1F1F42C8CDE0}
	EndGlobalSection
EndGlobal
